// !$*UTF8*$!
{
	archiveVersion = 1;
	classes = {
	};
	objectVersion = 46;
	objects = {

/* Begin PBXBuildFile section */
		09B040C14BFA35BB2FDA21E1 /* Pods_SocialMedia.framework in Frameworks */ = {isa = PBXBuildFile; fileRef = 6E818808E1CA658DFDA5C858 /* Pods_SocialMedia.framework */; };
		6606E0A11DBFEAE0006265E0 /* AppDelegate.swift in Sources */ = {isa = PBXBuildFile; fileRef = 6606E0A01DBFEAE0006265E0 /* AppDelegate.swift */; };
		6606E0A31DBFEAE0006265E0 /* SignInVC.swift in Sources */ = {isa = PBXBuildFile; fileRef = 6606E0A21DBFEAE0006265E0 /* SignInVC.swift */; };
		6606E0A61DBFEAE0006265E0 /* Main.storyboard in Resources */ = {isa = PBXBuildFile; fileRef = 6606E0A41DBFEAE0006265E0 /* Main.storyboard */; };
		6606E0A81DBFEAE0006265E0 /* Assets.xcassets in Resources */ = {isa = PBXBuildFile; fileRef = 6606E0A71DBFEAE0006265E0 /* Assets.xcassets */; };
		6606E0AB1DBFEAE0006265E0 /* LaunchScreen.storyboard in Resources */ = {isa = PBXBuildFile; fileRef = 6606E0A91DBFEAE0006265E0 /* LaunchScreen.storyboard */; };
		6606E0B61DBFEAE1006265E0 /* SocialMediaTests.swift in Sources */ = {isa = PBXBuildFile; fileRef = 6606E0B51DBFEAE1006265E0 /* SocialMediaTests.swift */; };
		6606E0C11DBFEAE1006265E0 /* SocialMediaUITests.swift in Sources */ = {isa = PBXBuildFile; fileRef = 6606E0C01DBFEAE1006265E0 /* SocialMediaUITests.swift */; };
		6606E0CF1DBFEBB5006265E0 /* GoogleService-Info.plist in Resources */ = {isa = PBXBuildFile; fileRef = 6606E0CE1DBFEBB5006265E0 /* GoogleService-Info.plist */; };
		A654A97B8C192ADCC2004A91 /* Pods_SocialMediaUITests.framework in Frameworks */ = {isa = PBXBuildFile; fileRef = 6C51147B0EF6978F61678360 /* Pods_SocialMediaUITests.framework */; };
		F0CA227C170112E5A9E3A939 /* Pods_SocialMediaTests.framework in Frameworks */ = {isa = PBXBuildFile; fileRef = 5620226B01B1B0CB47D30142 /* Pods_SocialMediaTests.framework */; };
/* End PBXBuildFile section */

/* Begin PBXContainerItemProxy section */
		6606E0B21DBFEAE1006265E0 /* PBXContainerItemProxy */ = {
			isa = PBXContainerItemProxy;
			containerPortal = 6606E0951DBFEAE0006265E0 /* Project object */;
			proxyType = 1;
			remoteGlobalIDString = 6606E09C1DBFEAE0006265E0;
			remoteInfo = SocialMedia;
		};
		6606E0BD1DBFEAE1006265E0 /* PBXContainerItemProxy */ = {
			isa = PBXContainerItemProxy;
			containerPortal = 6606E0951DBFEAE0006265E0 /* Project object */;
			proxyType = 1;
			remoteGlobalIDString = 6606E09C1DBFEAE0006265E0;
			remoteInfo = SocialMedia;
		};
/* End PBXContainerItemProxy section */

/* Begin PBXFileReference section */
		4E62A8BB505DF1B3260FF06F /* Pods-SocialMediaUITests.debug.xcconfig */ = {isa = PBXFileReference; includeInIndex = 1; lastKnownFileType = text.xcconfig; name = "Pods-SocialMediaUITests.debug.xcconfig"; path = "Pods/Target Support Files/Pods-SocialMediaUITests/Pods-SocialMediaUITests.debug.xcconfig"; sourceTree = "<group>"; };
		5620226B01B1B0CB47D30142 /* Pods_SocialMediaTests.framework */ = {isa = PBXFileReference; explicitFileType = wrapper.framework; includeInIndex = 0; path = Pods_SocialMediaTests.framework; sourceTree = BUILT_PRODUCTS_DIR; };
		6606E09D1DBFEAE0006265E0 /* SocialMedia.app */ = {isa = PBXFileReference; explicitFileType = wrapper.application; includeInIndex = 0; path = SocialMedia.app; sourceTree = BUILT_PRODUCTS_DIR; };
		6606E0A01DBFEAE0006265E0 /* AppDelegate.swift */ = {isa = PBXFileReference; lastKnownFileType = sourcecode.swift; path = AppDelegate.swift; sourceTree = "<group>"; };
		6606E0A21DBFEAE0006265E0 /* SignInVC.swift */ = {isa = PBXFileReference; lastKnownFileType = sourcecode.swift; path = SignInVC.swift; sourceTree = "<group>"; };
		6606E0A51DBFEAE0006265E0 /* Base */ = {isa = PBXFileReference; lastKnownFileType = file.storyboard; name = Base; path = Base.lproj/Main.storyboard; sourceTree = "<group>"; };
		6606E0A71DBFEAE0006265E0 /* Assets.xcassets */ = {isa = PBXFileReference; lastKnownFileType = folder.assetcatalog; path = Assets.xcassets; sourceTree = "<group>"; };
		6606E0AA1DBFEAE0006265E0 /* Base */ = {isa = PBXFileReference; lastKnownFileType = file.storyboard; name = Base; path = Base.lproj/LaunchScreen.storyboard; sourceTree = "<group>"; };
		6606E0AC1DBFEAE0006265E0 /* Info.plist */ = {isa = PBXFileReference; lastKnownFileType = text.plist.xml; path = Info.plist; sourceTree = "<group>"; };
		6606E0B11DBFEAE1006265E0 /* SocialMediaTests.xctest */ = {isa = PBXFileReference; explicitFileType = wrapper.cfbundle; includeInIndex = 0; path = SocialMediaTests.xctest; sourceTree = BUILT_PRODUCTS_DIR; };
		6606E0B51DBFEAE1006265E0 /* SocialMediaTests.swift */ = {isa = PBXFileReference; lastKnownFileType = sourcecode.swift; path = SocialMediaTests.swift; sourceTree = "<group>"; };
		6606E0B71DBFEAE1006265E0 /* Info.plist */ = {isa = PBXFileReference; lastKnownFileType = text.plist.xml; path = Info.plist; sourceTree = "<group>"; };
		6606E0BC1DBFEAE1006265E0 /* SocialMediaUITests.xctest */ = {isa = PBXFileReference; explicitFileType = wrapper.cfbundle; includeInIndex = 0; path = SocialMediaUITests.xctest; sourceTree = BUILT_PRODUCTS_DIR; };
		6606E0C01DBFEAE1006265E0 /* SocialMediaUITests.swift */ = {isa = PBXFileReference; lastKnownFileType = sourcecode.swift; path = SocialMediaUITests.swift; sourceTree = "<group>"; };
		6606E0C21DBFEAE1006265E0 /* Info.plist */ = {isa = PBXFileReference; lastKnownFileType = text.plist.xml; path = Info.plist; sourceTree = "<group>"; };
		6606E0CE1DBFEBB5006265E0 /* GoogleService-Info.plist */ = {isa = PBXFileReference; fileEncoding = 4; lastKnownFileType = text.plist.xml; path = "GoogleService-Info.plist"; sourceTree = "<group>"; };
		69BC90E97C4C8D9FC253F980 /* Pods-SocialMediaUITests.release.xcconfig */ = {isa = PBXFileReference; includeInIndex = 1; lastKnownFileType = text.xcconfig; name = "Pods-SocialMediaUITests.release.xcconfig"; path = "Pods/Target Support Files/Pods-SocialMediaUITests/Pods-SocialMediaUITests.release.xcconfig"; sourceTree = "<group>"; };
		6C51147B0EF6978F61678360 /* Pods_SocialMediaUITests.framework */ = {isa = PBXFileReference; explicitFileType = wrapper.framework; includeInIndex = 0; path = Pods_SocialMediaUITests.framework; sourceTree = BUILT_PRODUCTS_DIR; };
		6E818808E1CA658DFDA5C858 /* Pods_SocialMedia.framework */ = {isa = PBXFileReference; explicitFileType = wrapper.framework; includeInIndex = 0; path = Pods_SocialMedia.framework; sourceTree = BUILT_PRODUCTS_DIR; };
		8A9C6B3E01B537396423F2A6 /* Pods-SocialMedia.debug.xcconfig */ = {isa = PBXFileReference; includeInIndex = 1; lastKnownFileType = text.xcconfig; name = "Pods-SocialMedia.debug.xcconfig"; path = "Pods/Target Support Files/Pods-SocialMedia/Pods-SocialMedia.debug.xcconfig"; sourceTree = "<group>"; };
		A1528D0B5092AA655E6A24B4 /* Pods-SocialMedia.release.xcconfig */ = {isa = PBXFileReference; includeInIndex = 1; lastKnownFileType = text.xcconfig; name = "Pods-SocialMedia.release.xcconfig"; path = "Pods/Target Support Files/Pods-SocialMedia/Pods-SocialMedia.release.xcconfig"; sourceTree = "<group>"; };
		BCECF1FA864C748238647A73 /* Pods-SocialMediaTests.release.xcconfig */ = {isa = PBXFileReference; includeInIndex = 1; lastKnownFileType = text.xcconfig; name = "Pods-SocialMediaTests.release.xcconfig"; path = "Pods/Target Support Files/Pods-SocialMediaTests/Pods-SocialMediaTests.release.xcconfig"; sourceTree = "<group>"; };
		C361B21B94A98717C1E058AA /* Pods-SocialMediaTests.debug.xcconfig */ = {isa = PBXFileReference; includeInIndex = 1; lastKnownFileType = text.xcconfig; name = "Pods-SocialMediaTests.debug.xcconfig"; path = "Pods/Target Support Files/Pods-SocialMediaTests/Pods-SocialMediaTests.debug.xcconfig"; sourceTree = "<group>"; };
/* End PBXFileReference section */

/* Begin PBXFrameworksBuildPhase section */
		6606E09A1DBFEAE0006265E0 /* Frameworks */ = {
			isa = PBXFrameworksBuildPhase;
			buildActionMask = 2147483647;
			files = (
				09B040C14BFA35BB2FDA21E1 /* Pods_SocialMedia.framework in Frameworks */,
			);
			runOnlyForDeploymentPostprocessing = 0;
		};
		6606E0AE1DBFEAE1006265E0 /* Frameworks */ = {
			isa = PBXFrameworksBuildPhase;
			buildActionMask = 2147483647;
			files = (
				F0CA227C170112E5A9E3A939 /* Pods_SocialMediaTests.framework in Frameworks */,
			);
			runOnlyForDeploymentPostprocessing = 0;
		};
		6606E0B91DBFEAE1006265E0 /* Frameworks */ = {
			isa = PBXFrameworksBuildPhase;
			buildActionMask = 2147483647;
			files = (
				A654A97B8C192ADCC2004A91 /* Pods_SocialMediaUITests.framework in Frameworks */,
			);
			runOnlyForDeploymentPostprocessing = 0;
		};
/* End PBXFrameworksBuildPhase section */

/* Begin PBXGroup section */
		6606E0941DBFEAE0006265E0 = {
			isa = PBXGroup;
			children = (
				6606E09F1DBFEAE0006265E0 /* SocialMedia */,
				6606E0B41DBFEAE1006265E0 /* SocialMediaTests */,
				6606E0BF1DBFEAE1006265E0 /* SocialMediaUITests */,
				6606E09E1DBFEAE0006265E0 /* Products */,
				92EBEF509C4EFA5D0446F9C4 /* Pods */,
				9592354EA5D9A59160C4B607 /* Frameworks */,
			);
			sourceTree = "<group>";
		};
		6606E09E1DBFEAE0006265E0 /* Products */ = {
			isa = PBXGroup;
			children = (
				6606E09D1DBFEAE0006265E0 /* SocialMedia.app */,
				6606E0B11DBFEAE1006265E0 /* SocialMediaTests.xctest */,
				6606E0BC1DBFEAE1006265E0 /* SocialMediaUITests.xctest */,
			);
			name = Products;
			sourceTree = "<group>";
		};
		6606E09F1DBFEAE0006265E0 /* SocialMedia */ = {
			isa = PBXGroup;
			children = (
				6606E0D31DBFEE69006265E0 /* Resources */,
				6606E0D21DBFEE5D006265E0 /* Model */,
				6606E0D11DBFEE58006265E0 /* View */,
				6606E0D01DBFEE52006265E0 /* Controller */,
				6606E0A01DBFEAE0006265E0 /* AppDelegate.swift */,
				6606E0A41DBFEAE0006265E0 /* Main.storyboard */,
				6606E0A71DBFEAE0006265E0 /* Assets.xcassets */,
				6606E0A91DBFEAE0006265E0 /* LaunchScreen.storyboard */,
				6606E0AC1DBFEAE0006265E0 /* Info.plist */,
			);
			path = SocialMedia;
			sourceTree = "<group>";
		};
		6606E0B41DBFEAE1006265E0 /* SocialMediaTests */ = {
			isa = PBXGroup;
			children = (
				6606E0B51DBFEAE1006265E0 /* SocialMediaTests.swift */,
				6606E0B71DBFEAE1006265E0 /* Info.plist */,
			);
			path = SocialMediaTests;
			sourceTree = "<group>";
		};
		6606E0BF1DBFEAE1006265E0 /* SocialMediaUITests */ = {
			isa = PBXGroup;
			children = (
				6606E0C01DBFEAE1006265E0 /* SocialMediaUITests.swift */,
				6606E0C21DBFEAE1006265E0 /* Info.plist */,
			);
			path = SocialMediaUITests;
			sourceTree = "<group>";
		};
		6606E0D01DBFEE52006265E0 /* Controller */ = {
			isa = PBXGroup;
			children = (
				6606E0A21DBFEAE0006265E0 /* SignInVC.swift */,
			);
			name = Controller;
			sourceTree = "<group>";
		};
		6606E0D11DBFEE58006265E0 /* View */ = {
			isa = PBXGroup;
			children = (
			);
			name = View;
			sourceTree = "<group>";
		};
		6606E0D21DBFEE5D006265E0 /* Model */ = {
			isa = PBXGroup;
			children = (
			);
			name = Model;
			sourceTree = "<group>";
		};
		6606E0D31DBFEE69006265E0 /* Resources */ = {
			isa = PBXGroup;
			children = (
				6606E0CE1DBFEBB5006265E0 /* GoogleService-Info.plist */,
			);
			name = Resources;
			sourceTree = "<group>";
		};
		92EBEF509C4EFA5D0446F9C4 /* Pods */ = {
			isa = PBXGroup;
			children = (
				8A9C6B3E01B537396423F2A6 /* Pods-SocialMedia.debug.xcconfig */,
				A1528D0B5092AA655E6A24B4 /* Pods-SocialMedia.release.xcconfig */,
				C361B21B94A98717C1E058AA /* Pods-SocialMediaTests.debug.xcconfig */,
				BCECF1FA864C748238647A73 /* Pods-SocialMediaTests.release.xcconfig */,
				4E62A8BB505DF1B3260FF06F /* Pods-SocialMediaUITests.debug.xcconfig */,
				69BC90E97C4C8D9FC253F980 /* Pods-SocialMediaUITests.release.xcconfig */,
			);
			name = Pods;
			sourceTree = "<group>";
		};
		9592354EA5D9A59160C4B607 /* Frameworks */ = {
			isa = PBXGroup;
			children = (
				6E818808E1CA658DFDA5C858 /* Pods_SocialMedia.framework */,
				5620226B01B1B0CB47D30142 /* Pods_SocialMediaTests.framework */,
				6C51147B0EF6978F61678360 /* Pods_SocialMediaUITests.framework */,
			);
			name = Frameworks;
			sourceTree = "<group>";
		};
/* End PBXGroup section */

/* Begin PBXNativeTarget section */
		6606E09C1DBFEAE0006265E0 /* SocialMedia */ = {
			isa = PBXNativeTarget;
			buildConfigurationList = 6606E0C51DBFEAE1006265E0 /* Build configuration list for PBXNativeTarget "SocialMedia" */;
			buildPhases = (
				BE0990D344C9B55F313C9EC3 /* [CP] Check Pods Manifest.lock */,
				6606E0991DBFEAE0006265E0 /* Sources */,
				6606E09A1DBFEAE0006265E0 /* Frameworks */,
				6606E09B1DBFEAE0006265E0 /* Resources */,
				7BF7BD795E0B4FFFCDD0E254 /* [CP] Embed Pods Frameworks */,
				19F801B0E47231AF830FEFE0 /* [CP] Copy Pods Resources */,
			);
			buildRules = (
			);
			dependencies = (
			);
			name = SocialMedia;
			productName = SocialMedia;
			productReference = 6606E09D1DBFEAE0006265E0 /* SocialMedia.app */;
			productType = "com.apple.product-type.application";
		};
		6606E0B01DBFEAE1006265E0 /* SocialMediaTests */ = {
			isa = PBXNativeTarget;
			buildConfigurationList = 6606E0C81DBFEAE1006265E0 /* Build configuration list for PBXNativeTarget "SocialMediaTests" */;
			buildPhases = (
				8A9867FBEA4F3EB2ABC808F1 /* [CP] Check Pods Manifest.lock */,
				6606E0AD1DBFEAE1006265E0 /* Sources */,
				6606E0AE1DBFEAE1006265E0 /* Frameworks */,
				6606E0AF1DBFEAE1006265E0 /* Resources */,
				5F91086FA8D5D23DBDC90FF8 /* [CP] Embed Pods Frameworks */,
				499B4D2B4D8E1CF578E02CD4 /* [CP] Copy Pods Resources */,
			);
			buildRules = (
			);
			dependencies = (
				6606E0B31DBFEAE1006265E0 /* PBXTargetDependency */,
			);
			name = SocialMediaTests;
			productName = SocialMediaTests;
			productReference = 6606E0B11DBFEAE1006265E0 /* SocialMediaTests.xctest */;
			productType = "com.apple.product-type.bundle.unit-test";
		};
		6606E0BB1DBFEAE1006265E0 /* SocialMediaUITests */ = {
			isa = PBXNativeTarget;
			buildConfigurationList = 6606E0CB1DBFEAE1006265E0 /* Build configuration list for PBXNativeTarget "SocialMediaUITests" */;
			buildPhases = (
				69F845E05C412CA2A950A65B /* [CP] Check Pods Manifest.lock */,
				6606E0B81DBFEAE1006265E0 /* Sources */,
				6606E0B91DBFEAE1006265E0 /* Frameworks */,
				6606E0BA1DBFEAE1006265E0 /* Resources */,
				BCE64F38756D17BD1D7C624D /* [CP] Embed Pods Frameworks */,
				7DF6E22BB421E5781D8A90E2 /* [CP] Copy Pods Resources */,
			);
			buildRules = (
			);
			dependencies = (
				6606E0BE1DBFEAE1006265E0 /* PBXTargetDependency */,
			);
			name = SocialMediaUITests;
			productName = SocialMediaUITests;
			productReference = 6606E0BC1DBFEAE1006265E0 /* SocialMediaUITests.xctest */;
			productType = "com.apple.product-type.bundle.ui-testing";
		};
/* End PBXNativeTarget section */

/* Begin PBXProject section */
		6606E0951DBFEAE0006265E0 /* Project object */ = {
			isa = PBXProject;
			attributes = {
				LastSwiftUpdateCheck = 0800;
				LastUpgradeCheck = 0800;
				ORGANIZATIONNAME = "Ali Maqsood";
				TargetAttributes = {
					6606E09C1DBFEAE0006265E0 = {
						CreatedOnToolsVersion = 8.0;
						DevelopmentTeam = 76MJW78B2W;
						ProvisioningStyle = Automatic;
					};
					6606E0B01DBFEAE1006265E0 = {
						CreatedOnToolsVersion = 8.0;
						ProvisioningStyle = Automatic;
						TestTargetID = 6606E09C1DBFEAE0006265E0;
					};
					6606E0BB1DBFEAE1006265E0 = {
						CreatedOnToolsVersion = 8.0;
						ProvisioningStyle = Automatic;
						TestTargetID = 6606E09C1DBFEAE0006265E0;
					};
				};
			};
			buildConfigurationList = 6606E0981DBFEAE0006265E0 /* Build configuration list for PBXProject "SocialMedia" */;
			compatibilityVersion = "Xcode 3.2";
			developmentRegion = English;
			hasScannedForEncodings = 0;
			knownRegions = (
				en,
				Base,
			);
			mainGroup = 6606E0941DBFEAE0006265E0;
			productRefGroup = 6606E09E1DBFEAE0006265E0 /* Products */;
			projectDirPath = "";
			projectRoot = "";
			targets = (
				6606E09C1DBFEAE0006265E0 /* SocialMedia */,
				6606E0B01DBFEAE1006265E0 /* SocialMediaTests */,
				6606E0BB1DBFEAE1006265E0 /* SocialMediaUITests */,
			);
		};
/* End PBXProject section */

/* Begin PBXResourcesBuildPhase section */
		6606E09B1DBFEAE0006265E0 /* Resources */ = {
			isa = PBXResourcesBuildPhase;
			buildActionMask = 2147483647;
			files = (
				6606E0CF1DBFEBB5006265E0 /* GoogleService-Info.plist in Resources */,
				6606E0AB1DBFEAE0006265E0 /* LaunchScreen.storyboard in Resources */,
				6606E0A81DBFEAE0006265E0 /* Assets.xcassets in Resources */,
				6606E0A61DBFEAE0006265E0 /* Main.storyboard in Resources */,
			);
			runOnlyForDeploymentPostprocessing = 0;
		};
		6606E0AF1DBFEAE1006265E0 /* Resources */ = {
			isa = PBXResourcesBuildPhase;
			buildActionMask = 2147483647;
			files = (
			);
			runOnlyForDeploymentPostprocessing = 0;
		};
		6606E0BA1DBFEAE1006265E0 /* Resources */ = {
			isa = PBXResourcesBuildPhase;
			buildActionMask = 2147483647;
			files = (
			);
			runOnlyForDeploymentPostprocessing = 0;
		};
/* End PBXResourcesBuildPhase section */

/* Begin PBXShellScriptBuildPhase section */
		19F801B0E47231AF830FEFE0 /* [CP] Copy Pods Resources */ = {
			isa = PBXShellScriptBuildPhase;
			buildActionMask = 2147483647;
			files = (
			);
			inputPaths = (
			);
			name = "[CP] Copy Pods Resources";
			outputPaths = (
			);
			runOnlyForDeploymentPostprocessing = 0;
			shellPath = /bin/sh;
			shellScript = "\"${SRCROOT}/Pods/Target Support Files/Pods-SocialMedia/Pods-SocialMedia-resources.sh\"\n";
			showEnvVarsInLog = 0;
		};
		499B4D2B4D8E1CF578E02CD4 /* [CP] Copy Pods Resources */ = {
			isa = PBXShellScriptBuildPhase;
			buildActionMask = 2147483647;
			files = (
			);
			inputPaths = (
			);
			name = "[CP] Copy Pods Resources";
			outputPaths = (
			);
			runOnlyForDeploymentPostprocessing = 0;
			shellPath = /bin/sh;
			shellScript = "\"${SRCROOT}/Pods/Target Support Files/Pods-SocialMediaTests/Pods-SocialMediaTests-resources.sh\"\n";
			showEnvVarsInLog = 0;
		};
		5F91086FA8D5D23DBDC90FF8 /* [CP] Embed Pods Frameworks */ = {
			isa = PBXShellScriptBuildPhase;
			buildActionMask = 2147483647;
			files = (
			);
			inputPaths = (
			);
			name = "[CP] Embed Pods Frameworks";
			outputPaths = (
			);
			runOnlyForDeploymentPostprocessing = 0;
			shellPath = /bin/sh;
			shellScript = "\"${SRCROOT}/Pods/Target Support Files/Pods-SocialMediaTests/Pods-SocialMediaTests-frameworks.sh\"\n";
			showEnvVarsInLog = 0;
		};
		69F845E05C412CA2A950A65B /* [CP] Check Pods Manifest.lock */ = {
			isa = PBXShellScriptBuildPhase;
			buildActionMask = 2147483647;
			files = (
			);
			inputPaths = (
			);
			name = "[CP] Check Pods Manifest.lock";
			outputPaths = (
			);
			runOnlyForDeploymentPostprocessing = 0;
			shellPath = /bin/sh;
			shellScript = "diff \"${PODS_ROOT}/../Podfile.lock\" \"${PODS_ROOT}/Manifest.lock\" > /dev/null\nif [ $? != 0 ] ; then\n    # print error to STDERR\n    echo \"error: The sandbox is not in sync with the Podfile.lock. Run 'pod install' or update your CocoaPods installation.\" >&2\n    exit 1\nfi\n";
			showEnvVarsInLog = 0;
		};
		7BF7BD795E0B4FFFCDD0E254 /* [CP] Embed Pods Frameworks */ = {
			isa = PBXShellScriptBuildPhase;
			buildActionMask = 2147483647;
			files = (
			);
			inputPaths = (
			);
			name = "[CP] Embed Pods Frameworks";
			outputPaths = (
			);
			runOnlyForDeploymentPostprocessing = 0;
			shellPath = /bin/sh;
			shellScript = "\"${SRCROOT}/Pods/Target Support Files/Pods-SocialMedia/Pods-SocialMedia-frameworks.sh\"\n";
			showEnvVarsInLog = 0;
		};
		7DF6E22BB421E5781D8A90E2 /* [CP] Copy Pods Resources */ = {
			isa = PBXShellScriptBuildPhase;
			buildActionMask = 2147483647;
			files = (
			);
			inputPaths = (
			);
			name = "[CP] Copy Pods Resources";
			outputPaths = (
			);
			runOnlyForDeploymentPostprocessing = 0;
			shellPath = /bin/sh;
			shellScript = "\"${SRCROOT}/Pods/Target Support Files/Pods-SocialMediaUITests/Pods-SocialMediaUITests-resources.sh\"\n";
			showEnvVarsInLog = 0;
		};
		8A9867FBEA4F3EB2ABC808F1 /* [CP] Check Pods Manifest.lock */ = {
			isa = PBXShellScriptBuildPhase;
			buildActionMask = 2147483647;
			files = (
			);
			inputPaths = (
			);
			name = "[CP] Check Pods Manifest.lock";
			outputPaths = (
			);
			runOnlyForDeploymentPostprocessing = 0;
			shellPath = /bin/sh;
			shellScript = "diff \"${PODS_ROOT}/../Podfile.lock\" \"${PODS_ROOT}/Manifest.lock\" > /dev/null\nif [ $? != 0 ] ; then\n    # print error to STDERR\n    echo \"error: The sandbox is not in sync with the Podfile.lock. Run 'pod install' or update your CocoaPods installation.\" >&2\n    exit 1\nfi\n";
			showEnvVarsInLog = 0;
		};
		BCE64F38756D17BD1D7C624D /* [CP] Embed Pods Frameworks */ = {
			isa = PBXShellScriptBuildPhase;
			buildActionMask = 2147483647;
			files = (
			);
			inputPaths = (
			);
			name = "[CP] Embed Pods Frameworks";
			outputPaths = (
			);
			runOnlyForDeploymentPostprocessing = 0;
			shellPath = /bin/sh;
			shellScript = "\"${SRCROOT}/Pods/Target Support Files/Pods-SocialMediaUITests/Pods-SocialMediaUITests-frameworks.sh\"\n";
			showEnvVarsInLog = 0;
		};
		BE0990D344C9B55F313C9EC3 /* [CP] Check Pods Manifest.lock */ = {
			isa = PBXShellScriptBuildPhase;
			buildActionMask = 2147483647;
			files = (
			);
			inputPaths = (
			);
			name = "[CP] Check Pods Manifest.lock";
			outputPaths = (
			);
			runOnlyForDeploymentPostprocessing = 0;
			shellPath = /bin/sh;
			shellScript = "diff \"${PODS_ROOT}/../Podfile.lock\" \"${PODS_ROOT}/Manifest.lock\" > /dev/null\nif [ $? != 0 ] ; then\n    # print error to STDERR\n    echo \"error: The sandbox is not in sync with the Podfile.lock. Run 'pod install' or update your CocoaPods installation.\" >&2\n    exit 1\nfi\n";
			showEnvVarsInLog = 0;
		};
/* End PBXShellScriptBuildPhase section */

/* Begin PBXSourcesBuildPhase section */
		6606E0991DBFEAE0006265E0 /* Sources */ = {
			isa = PBXSourcesBuildPhase;
			buildActionMask = 2147483647;
			files = (
				6606E0A31DBFEAE0006265E0 /* SignInVC.swift in Sources */,
				6606E0A11DBFEAE0006265E0 /* AppDelegate.swift in Sources */,
			);
			runOnlyForDeploymentPostprocessing = 0;
		};
		6606E0AD1DBFEAE1006265E0 /* Sources */ = {
			isa = PBXSourcesBuildPhase;
			buildActionMask = 2147483647;
			files = (
				6606E0B61DBFEAE1006265E0 /* SocialMediaTests.swift in Sources */,
			);
			runOnlyForDeploymentPostprocessing = 0;
		};
		6606E0B81DBFEAE1006265E0 /* Sources */ = {
			isa = PBXSourcesBuildPhase;
			buildActionMask = 2147483647;
			files = (
				6606E0C11DBFEAE1006265E0 /* SocialMediaUITests.swift in Sources */,
			);
			runOnlyForDeploymentPostprocessing = 0;
		};
/* End PBXSourcesBuildPhase section */

/* Begin PBXTargetDependency section */
		6606E0B31DBFEAE1006265E0 /* PBXTargetDependency */ = {
			isa = PBXTargetDependency;
			target = 6606E09C1DBFEAE0006265E0 /* SocialMedia */;
			targetProxy = 6606E0B21DBFEAE1006265E0 /* PBXContainerItemProxy */;
		};
		6606E0BE1DBFEAE1006265E0 /* PBXTargetDependency */ = {
			isa = PBXTargetDependency;
			target = 6606E09C1DBFEAE0006265E0 /* SocialMedia */;
			targetProxy = 6606E0BD1DBFEAE1006265E0 /* PBXContainerItemProxy */;
		};
/* End PBXTargetDependency section */

/* Begin PBXVariantGroup section */
		6606E0A41DBFEAE0006265E0 /* Main.storyboard */ = {
			isa = PBXVariantGroup;
			children = (
				6606E0A51DBFEAE0006265E0 /* Base */,
			);
			name = Main.storyboard;
			sourceTree = "<group>";
		};
		6606E0A91DBFEAE0006265E0 /* LaunchScreen.storyboard */ = {
			isa = PBXVariantGroup;
			children = (
				6606E0AA1DBFEAE0006265E0 /* Base */,
			);
			name = LaunchScreen.storyboard;
			sourceTree = "<group>";
		};
/* End PBXVariantGroup section */

/* Begin XCBuildConfiguration section */
		6606E0C31DBFEAE1006265E0 /* Debug */ = {
			isa = XCBuildConfiguration;
			buildSettings = {
				ALWAYS_SEARCH_USER_PATHS = NO;
				CLANG_ANALYZER_NONNULL = YES;
				CLANG_CXX_LANGUAGE_STANDARD = "gnu++0x";
				CLANG_CXX_LIBRARY = "libc++";
				CLANG_ENABLE_MODULES = YES;
				CLANG_ENABLE_OBJC_ARC = YES;
				CLANG_WARN_BOOL_CONVERSION = YES;
				CLANG_WARN_CONSTANT_CONVERSION = YES;
				CLANG_WARN_DIRECT_OBJC_ISA_USAGE = YES_ERROR;
				CLANG_WARN_DOCUMENTATION_COMMENTS = YES;
				CLANG_WARN_EMPTY_BODY = YES;
				CLANG_WARN_ENUM_CONVERSION = YES;
				CLANG_WARN_INFINITE_RECURSION = YES;
				CLANG_WARN_INT_CONVERSION = YES;
				CLANG_WARN_OBJC_ROOT_CLASS = YES_ERROR;
				CLANG_WARN_SUSPICIOUS_MOVES = YES;
				CLANG_WARN_UNREACHABLE_CODE = YES;
				CLANG_WARN__DUPLICATE_METHOD_MATCH = YES;
				"CODE_SIGN_IDENTITY[sdk=iphoneos*]" = "iPhone Developer";
				COPY_PHASE_STRIP = NO;
				DEBUG_INFORMATION_FORMAT = dwarf;
				ENABLE_STRICT_OBJC_MSGSEND = YES;
				ENABLE_TESTABILITY = YES;
				GCC_C_LANGUAGE_STANDARD = gnu99;
				GCC_DYNAMIC_NO_PIC = NO;
				GCC_NO_COMMON_BLOCKS = YES;
				GCC_OPTIMIZATION_LEVEL = 0;
				GCC_PREPROCESSOR_DEFINITIONS = (
					"DEBUG=1",
					"$(inherited)",
				);
				GCC_WARN_64_TO_32_BIT_CONVERSION = YES;
				GCC_WARN_ABOUT_RETURN_TYPE = YES_ERROR;
				GCC_WARN_UNDECLARED_SELECTOR = YES;
				GCC_WARN_UNINITIALIZED_AUTOS = YES_AGGRESSIVE;
				GCC_WARN_UNUSED_FUNCTION = YES;
				GCC_WARN_UNUSED_VARIABLE = YES;
				IPHONEOS_DEPLOYMENT_TARGET = 10.0;
				MTL_ENABLE_DEBUG_INFO = YES;
				ONLY_ACTIVE_ARCH = YES;
				SDKROOT = iphoneos;
				SWIFT_ACTIVE_COMPILATION_CONDITIONS = DEBUG;
				SWIFT_OPTIMIZATION_LEVEL = "-Onone";
			};
			name = Debug;
		};
		6606E0C41DBFEAE1006265E0 /* Release */ = {
			isa = XCBuildConfiguration;
			buildSettings = {
				ALWAYS_SEARCH_USER_PATHS = NO;
				CLANG_ANALYZER_NONNULL = YES;
				CLANG_CXX_LANGUAGE_STANDARD = "gnu++0x";
				CLANG_CXX_LIBRARY = "libc++";
				CLANG_ENABLE_MODULES = YES;
				CLANG_ENABLE_OBJC_ARC = YES;
				CLANG_WARN_BOOL_CONVERSION = YES;
				CLANG_WARN_CONSTANT_CONVERSION = YES;
				CLANG_WARN_DIRECT_OBJC_ISA_USAGE = YES_ERROR;
				CLANG_WARN_DOCUMENTATION_COMMENTS = YES;
				CLANG_WARN_EMPTY_BODY = YES;
				CLANG_WARN_ENUM_CONVERSION = YES;
				CLANG_WARN_INFINITE_RECURSION = YES;
				CLANG_WARN_INT_CONVERSION = YES;
				CLANG_WARN_OBJC_ROOT_CLASS = YES_ERROR;
				CLANG_WARN_SUSPICIOUS_MOVES = YES;
				CLANG_WARN_UNREACHABLE_CODE = YES;
				CLANG_WARN__DUPLICATE_METHOD_MATCH = YES;
				"CODE_SIGN_IDENTITY[sdk=iphoneos*]" = "iPhone Developer";
				COPY_PHASE_STRIP = NO;
				DEBUG_INFORMATION_FORMAT = "dwarf-with-dsym";
				ENABLE_NS_ASSERTIONS = NO;
				ENABLE_STRICT_OBJC_MSGSEND = YES;
				GCC_C_LANGUAGE_STANDARD = gnu99;
				GCC_NO_COMMON_BLOCKS = YES;
				GCC_WARN_64_TO_32_BIT_CONVERSION = YES;
				GCC_WARN_ABOUT_RETURN_TYPE = YES_ERROR;
				GCC_WARN_UNDECLARED_SELECTOR = YES;
				GCC_WARN_UNINITIALIZED_AUTOS = YES_AGGRESSIVE;
				GCC_WARN_UNUSED_FUNCTION = YES;
				GCC_WARN_UNUSED_VARIABLE = YES;
				IPHONEOS_DEPLOYMENT_TARGET = 10.0;
				MTL_ENABLE_DEBUG_INFO = NO;
				SDKROOT = iphoneos;
				SWIFT_OPTIMIZATION_LEVEL = "-Owholemodule";
				VALIDATE_PRODUCT = YES;
			};
			name = Release;
		};
		6606E0C61DBFEAE1006265E0 /* Debug */ = {
			isa = XCBuildConfiguration;
			baseConfigurationReference = 8A9C6B3E01B537396423F2A6 /* Pods-SocialMedia.debug.xcconfig */;
			buildSettings = {
				ASSETCATALOG_COMPILER_APPICON_NAME = AppIcon;
				DEVELOPMENT_TEAM = 76MJW78B2W;
				INFOPLIST_FILE = SocialMedia/Info.plist;
				LD_RUNPATH_SEARCH_PATHS = "$(inherited) @executable_path/Frameworks";
				PRODUCT_BUNDLE_IDENTIFIER = com.alibaba.SocialMediaa;
				PRODUCT_NAME = "$(TARGET_NAME)";
				SWIFT_VERSION = 3.0;
			};
			name = Debug;
		};
		6606E0C71DBFEAE1006265E0 /* Release */ = {
			isa = XCBuildConfiguration;
			baseConfigurationReference = A1528D0B5092AA655E6A24B4 /* Pods-SocialMedia.release.xcconfig */;
			buildSettings = {
				ASSETCATALOG_COMPILER_APPICON_NAME = AppIcon;
				DEVELOPMENT_TEAM = 76MJW78B2W;
				INFOPLIST_FILE = SocialMedia/Info.plist;
				LD_RUNPATH_SEARCH_PATHS = "$(inherited) @executable_path/Frameworks";
				PRODUCT_BUNDLE_IDENTIFIER = com.alibaba.SocialMediaa;
				PRODUCT_NAME = "$(TARGET_NAME)";
				SWIFT_VERSION = 3.0;
			};
			name = Release;
		};
		6606E0C91DBFEAE1006265E0 /* Debug */ = {
			isa = XCBuildConfiguration;
			baseConfigurationReference = C361B21B94A98717C1E058AA /* Pods-SocialMediaTests.debug.xcconfig */;
			buildSettings = {
				ALWAYS_EMBED_SWIFT_STANDARD_LIBRARIES = YES;
				BUNDLE_LOADER = "$(TEST_HOST)";
				INFOPLIST_FILE = SocialMediaTests/Info.plist;
				LD_RUNPATH_SEARCH_PATHS = "$(inherited) @executable_path/Frameworks @loader_path/Frameworks";
				PRODUCT_BUNDLE_IDENTIFIER = com.alibaba.SocialMediaTests;
				PRODUCT_NAME = "$(TARGET_NAME)";
				SWIFT_VERSION = 3.0;
				TEST_HOST = "$(BUILT_PRODUCTS_DIR)/SocialMedia.app/SocialMedia";
			};
			name = Debug;
		};
		6606E0CA1DBFEAE1006265E0 /* Release */ = {
			isa = XCBuildConfiguration;
			baseConfigurationReference = BCECF1FA864C748238647A73 /* Pods-SocialMediaTests.release.xcconfig */;
			buildSettings = {
				ALWAYS_EMBED_SWIFT_STANDARD_LIBRARIES = YES;
				BUNDLE_LOADER = "$(TEST_HOST)";
				INFOPLIST_FILE = SocialMediaTests/Info.plist;
				LD_RUNPATH_SEARCH_PATHS = "$(inherited) @executable_path/Frameworks @loader_path/Frameworks";
				PRODUCT_BUNDLE_IDENTIFIER = com.alibaba.SocialMediaTests;
				PRODUCT_NAME = "$(TARGET_NAME)";
				SWIFT_VERSION = 3.0;
				TEST_HOST = "$(BUILT_PRODUCTS_DIR)/SocialMedia.app/SocialMedia";
			};
			name = Release;
		};
		6606E0CC1DBFEAE1006265E0 /* Debug */ = {
			isa = XCBuildConfiguration;
			baseConfigurationReference = 4E62A8BB505DF1B3260FF06F /* Pods-SocialMediaUITests.debug.xcconfig */;
			buildSettings = {
				ALWAYS_EMBED_SWIFT_STANDARD_LIBRARIES = YES;
				INFOPLIST_FILE = SocialMediaUITests/Info.plist;
				LD_RUNPATH_SEARCH_PATHS = "$(inherited) @executable_path/Frameworks @loader_path/Frameworks";
				PRODUCT_BUNDLE_IDENTIFIER = com.alibaba.SocialMediaUITests;
				PRODUCT_NAME = "$(TARGET_NAME)";
				SWIFT_VERSION = 3.0;
				TEST_TARGET_NAME = SocialMedia;
			};
			name = Debug;
		};
		6606E0CD1DBFEAE1006265E0 /* Release */ = {
			isa = XCBuildConfiguration;
			baseConfigurationReference = 69BC90E97C4C8D9FC253F980 /* Pods-SocialMediaUITests.release.xcconfig */;
			buildSettings = {
				ALWAYS_EMBED_SWIFT_STANDARD_LIBRARIES = YES;
				INFOPLIST_FILE = SocialMediaUITests/Info.plist;
				LD_RUNPATH_SEARCH_PATHS = "$(inherited) @executable_path/Frameworks @loader_path/Frameworks";
				PRODUCT_BUNDLE_IDENTIFIER = com.alibaba.SocialMediaUITests;
				PRODUCT_NAME = "$(TARGET_NAME)";
				SWIFT_VERSION = 3.0;
				TEST_TARGET_NAME = SocialMedia;
			};
			name = Release;
		};
/* End XCBuildConfiguration section */

/* Begin XCConfigurationList section */
		6606E0981DBFEAE0006265E0 /* Build configuration list for PBXProject "SocialMedia" */ = {
			isa = XCConfigurationList;
			buildConfigurations = (
				6606E0C31DBFEAE1006265E0 /* Debug */,
				6606E0C41DBFEAE1006265E0 /* Release */,
			);
			defaultConfigurationIsVisible = 0;
			defaultConfigurationName = Release;
		};
		6606E0C51DBFEAE1006265E0 /* Build configuration list for PBXNativeTarget "SocialMedia" */ = {
			isa = XCConfigurationList;
			buildConfigurations = (
				6606E0C61DBFEAE1006265E0 /* Debug */,
				6606E0C71DBFEAE1006265E0 /* Release */,
			);
			defaultConfigurationIsVisible = 0;
			defaultConfigurationName = Release;
		};
		6606E0C81DBFEAE1006265E0 /* Build configuration list for PBXNativeTarget "SocialMediaTests" */ = {
			isa = XCConfigurationList;
			buildConfigurations = (
				6606E0C91DBFEAE1006265E0 /* Debug */,
				6606E0CA1DBFEAE1006265E0 /* Release */,
			);
			defaultConfigurationIsVisible = 0;
			defaultConfigurationName = Release;
		};
		6606E0CB1DBFEAE1006265E0 /* Build configuration list for PBXNativeTarget "SocialMediaUITests" */ = {
			isa = XCConfigurationList;
			buildConfigurations = (
				6606E0CC1DBFEAE1006265E0 /* Debug */,
				6606E0CD1DBFEAE1006265E0 /* Release */,
			);
			defaultConfigurationIsVisible = 0;
			defaultConfigurationName = Release;
		};
/* End XCConfigurationList section */
	};
	rootObject = 6606E0951DBFEAE0006265E0 /* Project object */;
}
